<?xml version="1.0" encoding="utf-8"?>
<Project ToolsVersion="4.0" xmlns="http://schemas.microsoft.com/developer/msbuild/2003">
  <ItemGroup>
    <Filter Include="Source Files">
      <UniqueIdentifier>{4FC737F1-C7A5-4376-A066-2A32D752A2FF}</UniqueIdentifier>
      <Extensions>cpp;c;cc;cxx;c++;cppm;ixx;def;odl;idl;hpj;bat;asm;asmx</Extensions>
    </Filter>
    <Filter Include="Header Files">
      <UniqueIdentifier>{93995380-89BD-4b04-88EB-625FBE52EBFB}</UniqueIdentifier>
      <Extensions>h;hh;hpp;hxx;h++;hm;inl;inc;ipp;xsd</Extensions>
    </Filter>
    <Filter Include="Resource Files">
      <UniqueIdentifier>{67DA6AB6-F800-4c08-8B7A-83BB121AAD01}</UniqueIdentifier>
      <Extensions>rc;ico;cur;bmp;dlg;rc2;rct;bin;rgs;gif;jpg;jpeg;jpe;resx;tiff;tif;png;wav;mfcribbon-ms</Extensions>
    </Filter>
    <Filter Include="Resource Files\Shaders">
      <UniqueIdentifier>{cc51d871-f26b-4608-8647-ab5f1db7605b}</UniqueIdentifier>
    </Filter>
    <Filter Include="Resource Files\Textures">
      <UniqueIdentifier>{b6da4019-ddb5-4713-98ec-eb1ae7d49d3e}</UniqueIdentifier>
    </Filter>
    <Filter Include="Resource Files\Textures\Alb">
      <UniqueIdentifier>{2061c7f7-b14f-43c7-8e37-1b63880da365}</UniqueIdentifier>
    </Filter>
    <Filter Include="Resource Files\Textures\Spec">
      <UniqueIdentifier>{36feba2f-1444-492a-9742-afd92958bc0c}</UniqueIdentifier>
    </Filter>
    <Filter Include="Resource Files\Models">
      <UniqueIdentifier>{082ea697-2825-4e58-95bc-efa852024a33}</UniqueIdentifier>
    </Filter>
    <Filter Include="Resource Files\Models\ground">
      <UniqueIdentifier>{dbf81873-d7c5-4134-8370-b98fa9f4a383}</UniqueIdentifier>
    </Filter>
    <Filter Include="Resource Files\Models\Sphere">
      <UniqueIdentifier>{5502513f-e55f-4eb0-a83d-cffa4366a792}</UniqueIdentifier>
    </Filter>
    <Filter Include="Resource Files\Models\Sword">
      <UniqueIdentifier>{a0a110c3-0ce7-4b8d-8502-dc56d2776720}</UniqueIdentifier>
    </Filter>
    <Filter Include="Resource Files\Models\Sword\textures">
      <UniqueIdentifier>{2a5dabc6-b6f6-4c79-ab8c-7cbb0cf16b97}</UniqueIdentifier>
    </Filter>
    <Filter Include="Resource Files\Models\trees">
      <UniqueIdentifier>{7aec707f-9158-4ad3-9114-95f3dd75ba9d}</UniqueIdentifier>
    </Filter>
    <Filter Include="Source Files\Source">
      <UniqueIdentifier>{8a28aaee-444f-4871-82aa-844dc9054b6c}</UniqueIdentifier>
    </Filter>
    <Filter Include="Header Files\main">
      <UniqueIdentifier>{96a6bb55-02bd-4fe5-bdbc-efeb5d670ba1}</UniqueIdentifier>
    </Filter>
    <Filter Include="Source Files\nmr">
      <UniqueIdentifier>{6f63d244-a89c-42fc-8617-adc63421a76f}</UniqueIdentifier>
    </Filter>
    <Filter Include="Header Files\nmr">
      <UniqueIdentifier>{4836ae71-8566-451c-9d83-0864dab7214e}</UniqueIdentifier>
    </Filter>
    <Filter Include="Resource Files\NMRFiles">
      <UniqueIdentifier>{10e5d5bc-ec07-4c45-8870-135643845343}</UniqueIdentifier>
    </Filter>
    <Filter Include="Resource Files\Textures\Skybox">
      <UniqueIdentifier>{e59113eb-5513-4526-9885-3e638d277912}</UniqueIdentifier>
    </Filter>
    <Filter Include="Resource Files\Textures\Skybox\AutumnFieldPureSky">
      <UniqueIdentifier>{89fad0c5-4684-4bc3-a705-57fa42736bf0}</UniqueIdentifier>
    </Filter>
    <Filter Include="Resource Files\Textures\Skybox\CloudySky">
      <UniqueIdentifier>{90629c07-2d30-464d-8e30-006afaef44ba}</UniqueIdentifier>
    </Filter>
    <Filter Include="Resource Files\Textures\Skybox\Paris">
      <UniqueIdentifier>{d657ce5d-de55-4c71-8f41-82840a3c9d35}</UniqueIdentifier>
    </Filter>
    <Filter Include="Include Files">
      <UniqueIdentifier>{23b3589e-1c6b-4cd6-8707-1460a93e57bb}</UniqueIdentifier>
    </Filter>
    <Filter Include="Include Files\ImGui">
      <UniqueIdentifier>{0e6d871b-2848-43c7-b020-0bb2829e9b40}</UniqueIdentifier>
    </Filter>
    <Filter Include="Include Files\ImGui\Header">
      <UniqueIdentifier>{8e4e5903-08d9-4bef-b709-6f13549e832b}</UniqueIdentifier>
    </Filter>
    <Filter Include="Include Files\ImGui\Source">
      <UniqueIdentifier>{ad14e6da-8e88-49f5-85b4-eb83002d7546}</UniqueIdentifier>
    </Filter>
    <Filter Include="Include Files\ImGuiFileDialog">
      <UniqueIdentifier>{a9ae8575-c3fb-462c-b7e6-d99dc3f97031}</UniqueIdentifier>
    </Filter>
    <Filter Include="Include Files\ImGuiFileDialog\Header">
      <UniqueIdentifier>{9a4e32ec-180e-42d8-8b3e-7f069950cf00}</UniqueIdentifier>
    </Filter>
    <Filter Include="Include Files\ImGuiFileDialog\Source">
      <UniqueIdentifier>{bdfac2c8-8a40-45c4-8b44-48c9d13fd0fa}</UniqueIdentifier>
    </Filter>
    <Filter Include="Include Files\ImGuizmo">
      <UniqueIdentifier>{f56af334-e04a-4c80-be04-50147366274d}</UniqueIdentifier>
    </Filter>
    <Filter Include="Include Files\ImGuizmo\Header">
      <UniqueIdentifier>{8c59589f-8361-4d58-9841-9063f3ef8a02}</UniqueIdentifier>
    </Filter>
    <Filter Include="Include Files\ImGuizmo\Source">
      <UniqueIdentifier>{6ead3292-8fe6-41fe-8187-6c141e97b60e}</UniqueIdentifier>
    </Filter>
    <Filter Include="Resource Files\Shaders\default">
      <UniqueIdentifier>{70e278fd-a6d4-47c7-bef5-d653b5b1f52e}</UniqueIdentifier>
    </Filter>
    <Filter Include="Resource Files\Shaders\light">
      <UniqueIdentifier>{7a30e1a1-fa4e-4c1f-9b64-be8e9a9eadd8}</UniqueIdentifier>
    </Filter>
    <Filter Include="Resource Files\Shaders\lines">
      <UniqueIdentifier>{3c37ae74-c388-4b55-9882-eed98cb0f1c2}</UniqueIdentifier>
    </Filter>
    <Filter Include="Resource Files\Shaders\nmr">
      <UniqueIdentifier>{e09e78bf-b2bb-4f8c-a8ec-902467a0bd0d}</UniqueIdentifier>
    </Filter>
    <Filter Include="Resource Files\Shaders\normals">
      <UniqueIdentifier>{bb611b63-6143-4cd6-8401-f8d6648f8d4d}</UniqueIdentifier>
    </Filter>
    <Filter Include="Resource Files\Shaders\points">
      <UniqueIdentifier>{6b9d3685-6cc4-4caf-bc81-08af7415b8f5}</UniqueIdentifier>
    </Filter>
    <Filter Include="Resource Files\Shaders\projection">
      <UniqueIdentifier>{3859a057-50cb-413c-878d-0de178f0defa}</UniqueIdentifier>
    </Filter>
    <Filter Include="Resource Files\Shaders\skybox">
      <UniqueIdentifier>{54525110-6073-4d4b-becb-b6d4c3f6f05b}</UniqueIdentifier>
    </Filter>
    <Filter Include="Resource Files\Shaders\stencil">
      <UniqueIdentifier>{9eeb7e6b-9ea7-460e-a47c-e9d7d8dfb6df}</UniqueIdentifier>
    </Filter>
    <Filter Include="Resource Files\Shaders\text">
      <UniqueIdentifier>{af191b90-1a81-4756-a2f8-1f8087e59181}</UniqueIdentifier>
    </Filter>
  </ItemGroup>
  <ItemGroup>
    <ClCompile Include="glad.c">
      <Filter>Source Files</Filter>
    </ClCompile>
    <ClCompile Include="main.cpp">
      <Filter>Source Files</Filter>
    </ClCompile>
    <ClCompile Include="stb.cpp">
      <Filter>Source Files</Filter>
    </ClCompile>
    <ClCompile Include="Assets\Source\Backend.cpp">
      <Filter>Source Files\Source</Filter>
    </ClCompile>
    <ClCompile Include="Assets\Source\Camera.cpp">
      <Filter>Source Files\Source</Filter>
    </ClCompile>
    <ClCompile Include="Assets\Source\EBO.cpp">
      <Filter>Source Files\Source</Filter>
    </ClCompile>
    <ClCompile Include="Assets\Source\Mesh.cpp">
      <Filter>Source Files\Source</Filter>
    </ClCompile>
    <ClCompile Include="Assets\Source\Model.cpp">
      <Filter>Source Files\Source</Filter>
    </ClCompile>
    <ClCompile Include="Assets\Source\NMRMesh.cpp">
      <Filter>Source Files\Source</Filter>
    </ClCompile>
    <ClCompile Include="Assets\Source\Shader.cpp">
      <Filter>Source Files\Source</Filter>
    </ClCompile>
    <ClCompile Include="Assets\Source\Texture.cpp">
      <Filter>Source Files\Source</Filter>
    </ClCompile>
    <ClCompile Include="Assets\Source\VAO.cpp">
      <Filter>Source Files\Source</Filter>
    </ClCompile>
    <ClCompile Include="Assets\Source\VBO.cpp">
      <Filter>Source Files\Source</Filter>
    </ClCompile>
    <ClCompile Include="Assets\Source\Cubemap.cpp">
      <Filter>Source Files\Source</Filter>
    </ClCompile>
    <ClCompile Include="Assets\Source\Line.cpp">
      <Filter>Source Files\Source</Filter>
    </ClCompile>
    <ClCompile Include="rd\cmndargs.c">
      <Filter>Source Files\nmr</Filter>
    </ClCompile>
    <ClCompile Include="rd\conrecnx.c">
      <Filter>Source Files\nmr</Filter>
    </ClCompile>
    <ClCompile Include="rd\dataio.c">
      <Filter>Source Files\nmr</Filter>
    </ClCompile>
    <ClCompile Include="rd\drawaxis.c">
      <Filter>Source Files\nmr</Filter>
    </ClCompile>
    <ClCompile Include="rd\example.c">
      <Filter>Source Files\nmr</Filter>
    </ClCompile>
    <ClCompile Include="rd\fdataio.c">
      <Filter>Source Files\nmr</Filter>
    </ClCompile>
    <ClCompile Include="rd\fdatap.c">
      <Filter>Source Files\nmr</Filter>
    </ClCompile>
    <ClCompile Include="rd\getstat.c">
      <Filter>Source Files\nmr</Filter>
    </ClCompile>
    <ClCompile Include="rd\inquire.c">
      <Filter>Source Files\nmr</Filter>
    </ClCompile>
    <ClCompile Include="rd\memory.c">
      <Filter>Source Files\nmr</Filter>
    </ClCompile>
    <ClCompile Include="rd\namelist.c">
      <Filter>Source Files\nmr</Filter>
    </ClCompile>
    <ClCompile Include="rd\nmrgraphics.c">
      <Filter>Source Files\nmr</Filter>
    </ClCompile>
    <ClCompile Include="rd\paper.c">
      <Filter>Source Files\nmr</Filter>
    </ClCompile>
    <ClCompile Include="rd\raise.c">
      <Filter>Source Files\nmr</Filter>
    </ClCompile>
    <ClCompile Include="rd\rand.c">
      <Filter>Source Files\nmr</Filter>
    </ClCompile>
    <ClCompile Include="rd\readnmr.c">
      <Filter>Source Files\nmr</Filter>
    </ClCompile>
    <ClCompile Include="rd\specunit.c">
      <Filter>Source Files\nmr</Filter>
    </ClCompile>
    <ClCompile Include="rd\stralloc.c">
      <Filter>Source Files\nmr</Filter>
    </ClCompile>
    <ClCompile Include="rd\syscalls.c">
      <Filter>Source Files\nmr</Filter>
    </ClCompile>
    <ClCompile Include="rd\testsize.c">
      <Filter>Source Files\nmr</Filter>
    </ClCompile>
    <ClCompile Include="rd\token.c">
      <Filter>Source Files\nmr</Filter>
    </ClCompile>
    <ClCompile Include="rd\vutil.c">
      <Filter>Source Files\nmr</Filter>
    </ClCompile>
    <ClCompile Include="Assets\Libraries\include\imgui\imgui.cpp">
      <Filter>Include Files\ImGui\Source</Filter>
    </ClCompile>
    <ClCompile Include="Assets\Libraries\include\imgui\imgui_demo.cpp">
      <Filter>Include Files\ImGui\Source</Filter>
    </ClCompile>
    <ClCompile Include="Assets\Libraries\include\imgui\imgui_draw.cpp">
      <Filter>Include Files\ImGui\Source</Filter>
    </ClCompile>
    <ClCompile Include="Assets\Libraries\include\imgui\backends\imgui_impl_opengl3.cpp">
      <Filter>Include Files\ImGui\Source</Filter>
    </ClCompile>
    <ClCompile Include="Assets\Libraries\include\imgui\backends\imgui_impl_glfw.cpp">
      <Filter>Include Files\ImGui\Source</Filter>
    </ClCompile>
    <ClCompile Include="Assets\Libraries\include\imgui\imgui_tables.cpp">
      <Filter>Include Files\ImGui\Source</Filter>
    </ClCompile>
    <ClCompile Include="Assets\Libraries\include\imgui\imgui_widgets.cpp">
      <Filter>Include Files\ImGui\Source</Filter>
    </ClCompile>
    <ClCompile Include="Assets\Libraries\include\ImGuiFileDialog\ImGuiFileDialog.cpp">
      <Filter>Include Files\ImGuiFileDialog\Source</Filter>
    </ClCompile>
    <ClCompile Include="Assets\Libraries\include\ImGuizmo\ImGuizmo.cpp">
      <Filter>Include Files\ImGuizmo\Source</Filter>
    </ClCompile>
    <ClCompile Include="Assets\Source\UI.cpp">
      <Filter>Source Files\Source</Filter>
    </ClCompile>
    <ClCompile Include="Assets\Source\FBO.cpp">
      <Filter>Source Files\Source</Filter>
    </ClCompile>
    <ClCompile Include="Assets\Source\Type.cpp">
      <Filter>Source Files\Source</Filter>
    </ClCompile>
  </ItemGroup>
  <ItemGroup>
    <ClInclude Include="rd\dimloc.h">
      <Filter>Header Files\nmr</Filter>
    </ClInclude>
    <ClInclude Include="rd\drawaxis.h">
      <Filter>Header Files\nmr</Filter>
    </ClInclude>
    <ClInclude Include="rd\fdatap.h">
      <Filter>Header Files\nmr</Filter>
    </ClInclude>
    <ClInclude Include="rd\getstat.h">
      <Filter>Header Files\nmr</Filter>
    </ClInclude>
    <ClInclude Include="rd\inquire.h">
      <Filter>Header Files\nmr</Filter>
    </ClInclude>
    <ClInclude Include="rd\memory.h">
      <Filter>Header Files\nmr</Filter>
    </ClInclude>
    <ClInclude Include="rd\minmax.h">
      <Filter>Header Files\nmr</Filter>
    </ClInclude>
    <ClInclude Include="rd\namelist.h">
      <Filter>Header Files\nmr</Filter>
    </ClInclude>
    <ClInclude Include="rd\namelist2.h">
      <Filter>Header Files\nmr</Filter>
    </ClInclude>
    <ClInclude Include="rd\nmrgraphics.h">
      <Filter>Header Files\nmr</Filter>
    </ClInclude>
    <ClInclude Include="rd\nmrtime.h">
      <Filter>Header Files\nmr</Filter>
    </ClInclude>
    <ClInclude Include="rd\paper.h">
      <Filter>Header Files\nmr</Filter>
    </ClInclude>
    <ClInclude Include="rd\prec.h">
      <Filter>Header Files\nmr</Filter>
    </ClInclude>
    <ClInclude Include="rd\raise.h">
      <Filter>Header Files\nmr</Filter>
    </ClInclude>
    <ClInclude Include="rd\rand.h">
      <Filter>Header Files\nmr</Filter>
    </ClInclude>
    <ClInclude Include="rd\readnmr.h">
      <Filter>Header Files\nmr</Filter>
    </ClInclude>
    <ClInclude Include="rd\specunit.h">
      <Filter>Header Files\nmr</Filter>
    </ClInclude>
    <ClInclude Include="rd\stralloc.h">
      <Filter>Header Files\nmr</Filter>
    </ClInclude>
    <ClInclude Include="rd\testsize.h">
      <Filter>Header Files\nmr</Filter>
    </ClInclude>
    <ClInclude Include="rd\token.h">
      <Filter>Header Files\nmr</Filter>
    </ClInclude>
    <ClInclude Include="rd\vutil.h">
      <Filter>Header Files\nmr</Filter>
    </ClInclude>
    <ClInclude Include="rd\apod.h">
      <Filter>Header Files\nmr</Filter>
    </ClInclude>
    <ClInclude Include="rd\atof.h">
      <Filter>Header Files\nmr</Filter>
    </ClInclude>
    <ClInclude Include="rd\cmndargs.h">
      <Filter>Header Files\nmr</Filter>
    </ClInclude>
    <ClInclude Include="rd\conrecnx.h">
      <Filter>Header Files\nmr</Filter>
    </ClInclude>
    <ClInclude Include="rd\dataio.h">
      <Filter>Header Files\nmr</Filter>
    </ClInclude>
    <ClInclude Include="rd\dataio2.h">
      <Filter>Header Files\nmr</Filter>
    </ClInclude>
    <ClInclude Include="Assets\Libraries\include\imgui\backends\imgui_impl_opengl3.h">
      <Filter>Include Files\ImGui\Header</Filter>
    </ClInclude>
    <ClInclude Include="Assets\Libraries\include\imgui\backends\imgui_impl_opengl3_loader.h">
      <Filter>Include Files\ImGui\Header</Filter>
    </ClInclude>
    <ClInclude Include="Assets\Libraries\include\imgui\backends\imgui_impl_glfw.h">
      <Filter>Include Files\ImGui\Header</Filter>
    </ClInclude>
    <ClInclude Include="Assets\Libraries\include\ImGuiFileDialog\ImGuiFileDialog.h">
      <Filter>Include Files\ImGuiFileDialog\Header</Filter>
    </ClInclude>
    <ClInclude Include="Assets\Libraries\include\ImGuiFileDialog\ImGuiFileDialogConfig.h">
      <Filter>Include Files\ImGuiFileDialog\Header</Filter>
    </ClInclude>
    <ClInclude Include="Assets\Headers\Camera.hpp">
      <Filter>Header Files\main</Filter>
    </ClInclude>
    <ClInclude Include="Assets\Headers\Cubemap.hpp">
      <Filter>Header Files\main</Filter>
    </ClInclude>
    <ClInclude Include="Assets\Headers\EBO.hpp">
      <Filter>Header Files\main</Filter>
    </ClInclude>
    <ClInclude Include="Assets\Headers\Line.hpp">
      <Filter>Header Files\main</Filter>
    </ClInclude>
    <ClInclude Include="Assets\Headers\Mesh.hpp">
      <Filter>Header Files\main</Filter>
    </ClInclude>
    <ClInclude Include="Assets\Headers\Model.hpp">
      <Filter>Header Files\main</Filter>
    </ClInclude>
    <ClInclude Include="Assets\Headers\NMRMesh.hpp">
      <Filter>Header Files\main</Filter>
    </ClInclude>
    <ClInclude Include="Assets\Headers\Shader.hpp">
      <Filter>Header Files\main</Filter>
    </ClInclude>
    <ClInclude Include="Assets\Headers\Shapes.hpp">
      <Filter>Header Files\main</Filter>
    </ClInclude>
    <ClInclude Include="Assets\Headers\Texture.hpp">
      <Filter>Header Files\main</Filter>
    </ClInclude>
    <ClInclude Include="Assets\Headers\UI.hpp">
      <Filter>Header Files\main</Filter>
    </ClInclude>
    <ClInclude Include="Assets\Headers\VAO.hpp">
      <Filter>Header Files\main</Filter>
    </ClInclude>
    <ClInclude Include="Assets\Headers\VBO.hpp">
      <Filter>Header Files\main</Filter>
    </ClInclude>
    <ClInclude Include="Assets\Headers\Backend.hpp">
      <Filter>Header Files\main</Filter>
    </ClInclude>
    <ClInclude Include="Assets\Libraries\include\ImGuizmo\ImGuizmo.h">
      <Filter>Include Files\ImGuizmo\Header</Filter>
    </ClInclude>
    <ClInclude Include="Assets\Headers\Constants.hpp">
      <Filter>Header Files\main</Filter>
    </ClInclude>
    <ClInclude Include="Assets\Headers\FBO.hpp">
      <Filter>Header Files\main</Filter>
    </ClInclude>
    <ClInclude Include="Assets\Headers\Type.hpp">
      <Filter>Header Files\main</Filter>
    </ClInclude>
  </ItemGroup>
  <ItemGroup>
    <None Include="Assets\Models\ground\scene.bin">
      <Filter>Resource Files\Models\ground</Filter>
    </None>
    <None Include="Assets\Models\ground\scene.gltf">
      <Filter>Resource Files\Models\ground</Filter>
    </None>
    <None Include="Assets\Models\Sphere\scene.bin">
      <Filter>Resource Files\Models\Sphere</Filter>
    </None>
    <None Include="Assets\Models\Sphere\scene.gltf">
      <Filter>Resource Files\Models\Sphere</Filter>
    </None>
    <None Include="Assets\Models\Sword\scene.bin">
      <Filter>Resource Files\Models\Sword</Filter>
    </None>
    <None Include="Assets\Models\Sword\scene.gltf">
      <Filter>Resource Files\Models\Sword</Filter>
    </None>
    <None Include="Assets\Models\trees\scene.bin">
      <Filter>Resource Files\Models\trees</Filter>
    </None>
    <None Include="Assets\Models\trees\scene.gltf">
      <Filter>Resource Files\Models\trees</Filter>
    </None>
    <None Include=".gitignore">
      <Filter>Resource Files</Filter>
    </None>
    <None Include="makefile">
      <Filter>Resource Files</Filter>
    </None>
    <None Include="spectra\ramp.ft2">
      <Filter>Resource Files\NMRFiles</Filter>
    </None>
    <None Include="spectra\ramp_tp.ft2">
      <Filter>Resource Files\NMRFiles</Filter>
    </None>
    <None Include="spectra\small.ft2">
      <Filter>Resource Files\NMRFiles</Filter>
    </None>
    <None Include="spectra\sp.ft2">
      <Filter>Resource Files\NMRFiles</Filter>
    </None>
    <None Include="Assets\Shaders\default\default.geom">
      <Filter>Resource Files\Shaders\default</Filter>
    </None>
    <None Include="Assets\Shaders\default\default.vert">
      <Filter>Resource Files\Shaders\default</Filter>
    </None>
    <None Include="Assets\Shaders\default\default.frag">
      <Filter>Resource Files\Shaders\default</Filter>
    </None>
    <None Include="Assets\Shaders\light\light.geom">
      <Filter>Resource Files\Shaders\light</Filter>
    </None>
    <None Include="Assets\Shaders\light\light.vert">
      <Filter>Resource Files\Shaders\light</Filter>
    </None>
    <None Include="Assets\Shaders\light\light.frag">
      <Filter>Resource Files\Shaders\light</Filter>
    </None>
    <None Include="Assets\Shaders\lines\lines.geom">
      <Filter>Resource Files\Shaders\lines</Filter>
    </None>
    <None Include="Assets\Shaders\lines\lines.vert">
      <Filter>Resource Files\Shaders\lines</Filter>
    </None>
    <None Include="Assets\Shaders\lines\lines.frag">
      <Filter>Resource Files\Shaders\lines</Filter>
    </None>
    <None Include="Assets\Shaders\nmr\nmr.frag">
      <Filter>Resource Files\Shaders\nmr</Filter>
    </None>
    <None Include="Assets\Shaders\nmr\nmr.geom">
      <Filter>Resource Files\Shaders\nmr</Filter>
    </None>
    <None Include="Assets\Shaders\nmr\nmr.vert">
      <Filter>Resource Files\Shaders\nmr</Filter>
    </None>
    <None Include="Assets\Shaders\normals\normals.geom">
      <Filter>Resource Files\Shaders\normals</Filter>
    </None>
    <None Include="Assets\Shaders\normals\normals.vert">
      <Filter>Resource Files\Shaders\normals</Filter>
    </None>
    <None Include="Assets\Shaders\normals\normals.frag">
      <Filter>Resource Files\Shaders\normals</Filter>
    </None>
    <None Include="Assets\Shaders\points\points.geom">
      <Filter>Resource Files\Shaders\points</Filter>
    </None>
    <None Include="Assets\Shaders\points\points.vert">
      <Filter>Resource Files\Shaders\points</Filter>
    </None>
    <None Include="Assets\Shaders\points\points.frag">
      <Filter>Resource Files\Shaders\points</Filter>
    </None>
    <None Include="Assets\Shaders\projection\projection.frag">
      <Filter>Resource Files\Shaders\projection</Filter>
    </None>
    <None Include="Assets\Shaders\projection\projection.geom">
      <Filter>Resource Files\Shaders\projection</Filter>
    </None>
    <None Include="Assets\Shaders\projection\projection.vert">
      <Filter>Resource Files\Shaders\projection</Filter>
    </None>
    <None Include="Assets\Shaders\skybox\skybox.frag">
      <Filter>Resource Files\Shaders\skybox</Filter>
    </None>
    <None Include="Assets\Shaders\skybox\skybox.geom">
      <Filter>Resource Files\Shaders\skybox</Filter>
    </None>
    <None Include="Assets\Shaders\skybox\skybox.vert">
      <Filter>Resource Files\Shaders\skybox</Filter>
    </None>
    <None Include="Assets\Shaders\stencil\stencil.frag">
      <Filter>Resource Files\Shaders\stencil</Filter>
    </None>
    <None Include="Assets\Shaders\stencil\stencil.geom">
      <Filter>Resource Files\Shaders\stencil</Filter>
    </None>
    <None Include="Assets\Shaders\stencil\stencil.vert">
      <Filter>Resource Files\Shaders\stencil</Filter>
    </None>
    <None Include="Assets\Shaders\text\text.frag">
      <Filter>Resource Files\Shaders\text</Filter>
    </None>
    <None Include="Assets\Shaders\text\text.vert">
      <Filter>Resource Files\Shaders\text</Filter>
    </None>
  </ItemGroup>
  <ItemGroup>
    <Image Include="Assets\Textures\Alb\3f4647ff.png">
      <Filter>Resource Files\Textures\Alb</Filter>
    </Image>
    <Image Include="Assets\Textures\Alb\brick.png">
      <Filter>Resource Files\Textures\Alb</Filter>
    </Image>
    <Image Include="Assets\Textures\Alb\logo.jpg">
      <Filter>Resource Files\Textures\Alb</Filter>
    </Image>
    <Image Include="Assets\Textures\Alb\planks.png">
      <Filter>Resource Files\Textures\Alb</Filter>
    </Image>
    <Image Include="Assets\Textures\Spec\planksSpec.png">
      <Filter>Resource Files\Textures\Spec</Filter>
    </Image>
    <Image Include="Assets\Textures\Spec\FFFFFFFF.png">
      <Filter>Resource Files\Textures\Spec</Filter>
    </Image>
    <Image Include="Assets\Models\ground\specular.png">
      <Filter>Resource Files\Models\ground</Filter>
    </Image>
    <Image Include="Assets\Models\ground\diffuse.png">
      <Filter>Resource Files\Models\ground</Filter>
    </Image>
    <Image Include="Assets\Models\Sword\textures\Object001_mtl_baseColor.jpeg">
      <Filter>Resource Files\Models\Sword\textures</Filter>
    </Image>
    <Image Include="Assets\Models\trees\diffuse.png">
      <Filter>Resource Files\Models\trees</Filter>
    </Image>
    <Image Include="Assets\Models\trees\specular.png">
      <Filter>Resource Files\Models\trees</Filter>
    </Image>
    <Image Include="Assets\Textures\Skybox\AutumnFieldPureSky\back.png">
      <Filter>Resource Files\Textures\Skybox\AutumnFieldPureSky</Filter>
    </Image>
    <Image Include="Assets\Textures\Skybox\AutumnFieldPureSky\bottom.png">
      <Filter>Resource Files\Textures\Skybox\AutumnFieldPureSky</Filter>
    </Image>
    <Image Include="Assets\Textures\Skybox\AutumnFieldPureSky\cube_map.png">
      <Filter>Resource Files\Textures\Skybox\AutumnFieldPureSky</Filter>
    </Image>
    <Image Include="Assets\Textures\Skybox\AutumnFieldPureSky\front.png">
      <Filter>Resource Files\Textures\Skybox\AutumnFieldPureSky</Filter>
    </Image>
    <Image Include="Assets\Textures\Skybox\AutumnFieldPureSky\left.png">
      <Filter>Resource Files\Textures\Skybox\AutumnFieldPureSky</Filter>
    </Image>
    <Image Include="Assets\Textures\Skybox\AutumnFieldPureSky\right.png">
      <Filter>Resource Files\Textures\Skybox\AutumnFieldPureSky</Filter>
    </Image>
    <Image Include="Assets\Textures\Skybox\AutumnFieldPureSky\top.png">
      <Filter>Resource Files\Textures\Skybox\AutumnFieldPureSky</Filter>
    </Image>
    <Image Include="Assets\Textures\Skybox\CloudySky\back.jpg">
      <Filter>Resource Files\Textures\Skybox\CloudySky</Filter>
    </Image>
    <Image Include="Assets\Textures\Skybox\CloudySky\bottom.jpg">
      <Filter>Resource Files\Textures\Skybox\CloudySky</Filter>
    </Image>
    <Image Include="Assets\Textures\Skybox\CloudySky\front.jpg">
      <Filter>Resource Files\Textures\Skybox\CloudySky</Filter>
    </Image>
    <Image Include="Assets\Textures\Skybox\CloudySky\left.jpg">
      <Filter>Resource Files\Textures\Skybox\CloudySky</Filter>
    </Image>
    <Image Include="Assets\Textures\Skybox\CloudySky\right.jpg">
      <Filter>Resource Files\Textures\Skybox\CloudySky</Filter>
    </Image>
    <Image Include="Assets\Textures\Skybox\CloudySky\top.jpg">
      <Filter>Resource Files\Textures\Skybox\CloudySky</Filter>
    </Image>
    <Image Include="Assets\Textures\Skybox\Paris\back.png">
      <Filter>Resource Files\Textures\Skybox\Paris</Filter>
    </Image>
    <Image Include="Assets\Textures\Skybox\Paris\bottom.png">
      <Filter>Resource Files\Textures\Skybox\Paris</Filter>
    </Image>
    <Image Include="Assets\Textures\Skybox\Paris\front.png">
      <Filter>Resource Files\Textures\Skybox\Paris</Filter>
    </Image>
    <Image Include="Assets\Textures\Skybox\Paris\left.png">
      <Filter>Resource Files\Textures\Skybox\Paris</Filter>
    </Image>
    <Image Include="Assets\Textures\Skybox\Paris\right.png">
      <Filter>Resource Files\Textures\Skybox\Paris</Filter>
    </Image>
    <Image Include="Assets\Textures\Skybox\Paris\top.png">
      <Filter>Resource Files\Textures\Skybox\Paris</Filter>
    </Image>
  </ItemGroup>
  <ItemGroup>
    <Text Include="Assets\Models\Sphere\license.txt">
      <Filter>Resource Files\Models\Sphere</Filter>
    </Text>
  </ItemGroup>
</Project>